
Microsoft Visual Studio Solution File, Format Version 12.00
# Visual Studio Version 17
VisualStudioVersion = 17.7.34221.43
MinimumVisualStudioVersion = 10.0.40219.1
Project("{FAE04EC0-301F-11D3-BF4B-00C04F79EFBC}") = "TutorZealand", "TutorZealand\TutorZealand.csproj", "{3CCB81ED-C6BD-484C-81FA-AA22CCEF28EB}"
EndProject
Global
	GlobalSection(SolutionConfigurationPlatforms) = preSolution
		Debug|Any CPU = Debug|Any CPU
		Release|Any CPU = Release|Any CPU
	EndGlobalSection
	GlobalSection(ProjectConfigurationPlatforms) = postSolution
		{3CCB81ED-C6BD-484C-81FA-AA22CCEF28EB}.Debug|Any CPU.ActiveCfg = Debug|Any CPU
		{3CCB81ED-C6BD-484C-81FA-AA22CCEF28EB}.Debug|Any CPU.Build.0 = Debug|Any CPU
		{3CCB81ED-C6BD-484C-81FA-AA22CCEF28EB}.Release|Any CPU.ActiveCfg = Release|Any CPU
		{3CCB81ED-C6BD-484C-81FA-AA22CCEF28EB}.Release|Any CPU.Build.0 = Release|Any CPU
	EndGlobalSection
	GlobalSection(SolutionProperties) = preSolution
		HideSolutionNode = FALSE
	EndGlobalSection
	GlobalSection(ExtensibilityGlobals) = postSolution
		SolutionGuid = {64718E94-6075-4AB9-8A6D-407B0300763C}
	EndGlobalSection
EndGlobal
